{
    "name": "mt-template-slideshow",
    "version": "1.0.1",
    "lockfileVersion": 1,
    "requires": true,
    "dependencies": {
        "@dschulmeis/ls-plugin-extra-tags": {
            "version": "2.0.0",
            "resolved": "https://registry.npmjs.org/@dschulmeis/ls-plugin-extra-tags/-/ls-plugin-extra-tags-2.0.0.tgz",
            "integrity": "sha512-Me26Wll9Rt0MeLEpYs29Cwbeys1xhvExLZ9J5Qt044hd/LtZ3mrXq3LyU4+FJ//INnY02FCKOmptp+qYJC7NuQ==",
            "dev": true,
            "requires": {
                "@dschulmeis/ls-utils": "^1.1.0"
            }
        },
        "@dschulmeis/ls-plugin-highlight.js": {
            "version": "2.0.1",
            "resolved": "https://registry.npmjs.org/@dschulmeis/ls-plugin-highlight.js/-/ls-plugin-highlight.js-2.0.1.tgz",
            "integrity": "sha512-mfKwatDZlhNKDNN21bNX9YHHXa3tCTPGvZjR/KQrELHwpNszQ2BGljHQ/9VRYNqD7QDP5+hV6agpTq/rEA4+nQ==",
            "dev": true,
            "requires": {
                "@dschulmeis/ls-utils": "^1.0.2",
                "highlight.js": "^11.4.0"
            }
        },
        "@dschulmeis/ls-plugin-markdown": {
            "version": "1.0.0",
            "resolved": "https://registry.npmjs.org/@dschulmeis/ls-plugin-markdown/-/ls-plugin-markdown-1.0.0.tgz",
            "integrity": "sha512-3bwFE4kqCjHffCA3FWOjGeakmyeniDXA9oTG4qDjY7l6NH4LVBWpNMIOlg+TzjRtHy6pUNwuphW3YWcefsJg4Q==",
            "dev": true,
            "requires": {
                "@dschulmeis/ls-utils": "^1.0.2",
                "@sindresorhus/slugify": "^2.1.0",
                "markdown-it": "^12.3.2",
                "markdown-it-anchor": "^8.4.1",
                "markdown-it-attrs": "^4.1.3"
            }
        },
        "@dschulmeis/ls-utils": {
            "version": "1.1.1",
            "resolved": "https://registry.npmjs.org/@dschulmeis/ls-utils/-/ls-utils-1.1.1.tgz",
            "integrity": "sha512-KlVzMRlZYiILTehHJPr6A/AcP3+HLptu3EWkKT65q+OtQWXa3XW+EBg2XvFBsIv/ZkkMBsJKZK+VjOxdvV3aFQ==",
            "dev": true
        },
        "@dschulmeis/mini-tutorial.js": {
            "version": "2.0.2",
            "dev": true,
            "requires": {
                "@dschulmeis/ls-utils": "^1.0.1",
                "hammerjs": "^2.0.8"
            },
            "dependencies": {
                "@dschulmeis/ls-utils": {
                    "version": "1.0.1",
                    "resolved": "https://registry.npmjs.org/@dschulmeis/ls-utils/-/ls-utils-1.0.1.tgz",
                    "integrity": "sha512-1pQ4DnSZSk6Wh05HKhaGaJmdfnfToDWugqIs9qVFQplAkQHCa3LmvG4Qbbq4lQ4unIpFgTZLq3XrIVGPgt5GUg==",
                    "dev": true
                },
                "hammerjs": {
                    "version": "2.0.8",
                    "resolved": "https://registry.npmjs.org/hammerjs/-/hammerjs-2.0.8.tgz",
                    "integrity": "sha1-BO93hiz/K7edMPdpIJWTAiK/YPE=",
                    "dev": true
                }
            }
        },
        "@sindresorhus/slugify": {
            "version": "2.1.0",
            "resolved": "https://registry.npmjs.org/@sindresorhus/slugify/-/slugify-2.1.0.tgz",
            "integrity": "sha512-gU3Gdm/V167BmUwIn8APHZ3SeeRVRUSOdXxnt7Q/JkUHLXaaTA/prYmoRumwsSitJZWUDYMzDWdWgrOdvE8IRQ==",
            "dev": true,
            "requires": {
                "@sindresorhus/transliterate": "^1.0.0",
                "escape-string-regexp": "^5.0.0"
            }
        },
        "@sindresorhus/transliterate": {
            "version": "1.5.0",
            "resolved": "https://registry.npmjs.org/@sindresorhus/transliterate/-/transliterate-1.5.0.tgz",
            "integrity": "sha512-/sfSkoNelLq5riqNRp5uBjHIKBi1MWZk9ubRT1WiBQuTfmDf7BeQkph2DJzRB83QagMPHk2VDjuvpy0VuwyzdA==",
            "dev": true,
            "requires": {
                "escape-string-regexp": "^5.0.0",
                "lodash.deburr": "^4.1.0"
            }
        },
        "@types/less": {
            "version": "3.0.3",
            "resolved": "https://registry.npmjs.org/@types/less/-/less-3.0.3.tgz",
            "integrity": "sha512-1YXyYH83h6We1djyoUEqTlVyQtCfJAFXELSKW2ZRtjHD4hQ82CC4lvrv5D0l0FLcKBaiPbXyi3MpMsI9ZRgKsw==",
            "dev": true
        },
        "argparse": {
            "version": "2.0.1",
            "resolved": "https://registry.npmjs.org/argparse/-/argparse-2.0.1.tgz",
            "integrity": "sha512-8+9WqebbFzpX9OR+Wa6O29asIogeRMzcGtAINdpMHHyAg10f05aSFVBbcEqGf/PXw1EjAZ+q2/bEBg3DvurK3Q==",
            "dev": true
        },
        "balanced-match": {
            "version": "1.0.2",
            "resolved": "https://registry.npmjs.org/balanced-match/-/balanced-match-1.0.2.tgz",
            "integrity": "sha512-3oSeUO0TMV67hN1AmbXsK4yaqU7tjiHlbxRDZOpH0KW9+CeX4bRAaX0Anxt0tx2MrpRpWwQaPwIlISEJhYU5Pw==",
            "dev": true
        },
        "bootstrap": {
            "version": "5.1.3",
            "resolved": "https://registry.npmjs.org/bootstrap/-/bootstrap-5.1.3.tgz",
            "integrity": "sha512-fcQztozJ8jToQWXxVuEyXWW+dSo8AiXWKwiSSrKWsRB/Qt+Ewwza+JWoLKiTuQLaEPhdNAJ7+Dosc9DOIqNy7Q==",
            "dev": true
        },
        "brace-expansion": {
            "version": "1.1.11",
            "resolved": "https://registry.npmjs.org/brace-expansion/-/brace-expansion-1.1.11.tgz",
            "integrity": "sha512-iCuPHDFgrHX7H2vEI/5xpz07zSHB00TpugqhmYtVmMO6518mCuRMoOYFldEBl0g187ufozdaHgWKcYFb61qGiA==",
            "dev": true,
            "requires": {
                "balanced-match": "^1.0.0",
                "concat-map": "0.0.1"
            }
        },
        "concat-map": {
            "version": "0.0.1",
            "resolved": "https://registry.npmjs.org/concat-map/-/concat-map-0.0.1.tgz",
            "integrity": "sha1-2Klr13/Wjfd5OnMDajug1UBdR3s=",
            "dev": true
        },
        "copy-anything": {
            "version": "2.0.6",
            "resolved": "https://registry.npmjs.org/copy-anything/-/copy-anything-2.0.6.tgz",
            "integrity": "sha512-1j20GZTsvKNkc4BY3NpMOM8tt///wY3FpIzozTOFO2ffuZcV61nojHXVKIy3WM+7ADCy5FVhdZYHYDdgTU0yJw==",
            "dev": true,
            "requires": {
                "is-what": "^3.14.1"
            }
        },
        "debug": {
            "version": "3.2.7",
            "resolved": "https://registry.npmjs.org/debug/-/debug-3.2.7.tgz",
            "integrity": "sha512-CFjzYYAi4ThfiQvizrFQevTTXHtnCqWfe7x1AhgEscTz6ZbLbfoLRLPugTQyBth6f8ZERVUSyWHFD/7Wu4t1XQ==",
            "dev": true,
            "optional": true,
            "requires": {
                "ms": "^2.1.1"
            }
        },
        "entities": {
            "version": "2.1.0",
            "resolved": "https://registry.npmjs.org/entities/-/entities-2.1.0.tgz",
            "integrity": "sha512-hCx1oky9PFrJ611mf0ifBLBRW8lUUVRlFolb5gWRfIELabBlbp9xZvrqZLZAs+NxFnbfQoeGd8wDkygjg7U85w==",
            "dev": true
        },
        "errno": {
            "version": "0.1.8",
            "resolved": "https://registry.npmjs.org/errno/-/errno-0.1.8.tgz",
            "integrity": "sha512-dJ6oBr5SQ1VSd9qkk7ByRgb/1SH4JZjCHSW/mr63/QcXO9zLVxvJ6Oy13nio03rxpSnVDDjFor75SjVeZWPW/A==",
            "dev": true,
            "optional": true,
            "requires": {
                "prr": "~1.0.1"
            }
        },
        "esbuild": {
            "version": "0.14.23",
            "resolved": "https://registry.npmjs.org/esbuild/-/esbuild-0.14.23.tgz",
            "integrity": "sha512-XjnIcZ9KB6lfonCa+jRguXyRYcldmkyZ99ieDksqW/C8bnyEX299yA4QH2XcgijCgaddEZePPTgvx/2imsq7Ig==",
            "dev": true,
            "requires": {
                "esbuild-android-arm64": "0.14.23",
                "esbuild-darwin-64": "0.14.23",
                "esbuild-darwin-arm64": "0.14.23",
                "esbuild-freebsd-64": "0.14.23",
                "esbuild-freebsd-arm64": "0.14.23",
                "esbuild-linux-32": "0.14.23",
                "esbuild-linux-64": "0.14.23",
                "esbuild-linux-arm": "0.14.23",
                "esbuild-linux-arm64": "0.14.23",
                "esbuild-linux-mips64le": "0.14.23",
                "esbuild-linux-ppc64le": "0.14.23",
                "esbuild-linux-riscv64": "0.14.23",
                "esbuild-linux-s390x": "0.14.23",
                "esbuild-netbsd-64": "0.14.23",
                "esbuild-openbsd-64": "0.14.23",
                "esbuild-sunos-64": "0.14.23",
                "esbuild-windows-32": "0.14.23",
                "esbuild-windows-64": "0.14.23",
                "esbuild-windows-arm64": "0.14.23"
            }
        },
        "esbuild-android-arm64": {
            "version": "0.14.23",
            "resolved": "https://registry.npmjs.org/esbuild-android-arm64/-/esbuild-android-arm64-0.14.23.tgz",
            "integrity": "sha512-k9sXem++mINrZty1v4FVt6nC5BQCFG4K2geCIUUqHNlTdFnuvcqsY7prcKZLFhqVC1rbcJAr9VSUGFL/vD4vsw==",
            "dev": true,
            "optional": true
        },
        "esbuild-darwin-64": {
            "version": "0.14.23",
            "resolved": "https://registry.npmjs.org/esbuild-darwin-64/-/esbuild-darwin-64-0.14.23.tgz",
            "integrity": "sha512-lB0XRbtOYYL1tLcYw8BoBaYsFYiR48RPrA0KfA/7RFTr4MV7Bwy/J4+7nLsVnv9FGuQummM3uJ93J3ptaTqFug==",
            "dev": true,
            "optional": true
        },
        "esbuild-darwin-arm64": {
            "version": "0.14.23",
            "resolved": "https://registry.npmjs.org/esbuild-darwin-arm64/-/esbuild-darwin-arm64-0.14.23.tgz",
            "integrity": "sha512-yat73Z/uJ5tRcfRiI4CCTv0FSnwErm3BJQeZAh+1tIP0TUNh6o+mXg338Zl5EKChD+YGp6PN+Dbhs7qa34RxSw==",
            "dev": true,
            "optional": true
        },
        "esbuild-freebsd-64": {
            "version": "0.14.23",
            "resolved": "https://registry.npmjs.org/esbuild-freebsd-64/-/esbuild-freebsd-64-0.14.23.tgz",
            "integrity": "sha512-/1xiTjoLuQ+LlbfjJdKkX45qK/M7ARrbLmyf7x3JhyQGMjcxRYVR6Dw81uH3qlMHwT4cfLW4aEVBhP1aNV7VsA==",
            "dev": true,
            "optional": true
        },
        "esbuild-freebsd-arm64": {
            "version": "0.14.23",
            "resolved": "https://registry.npmjs.org/esbuild-freebsd-arm64/-/esbuild-freebsd-arm64-0.14.23.tgz",
            "integrity": "sha512-uyPqBU/Zcp6yEAZS4LKj5jEE0q2s4HmlMBIPzbW6cTunZ8cyvjG6YWpIZXb1KK3KTJDe62ltCrk3VzmWHp+iLg==",
            "dev": true,
            "optional": true
        },
        "esbuild-linux-32": {
            "version": "0.14.23",
            "resolved": "https://registry.npmjs.org/esbuild-linux-32/-/esbuild-linux-32-0.14.23.tgz",
            "integrity": "sha512-37R/WMkQyUfNhbH7aJrr1uCjDVdnPeTHGeDhZPUNhfoHV0lQuZNCKuNnDvlH/u/nwIYZNdVvz1Igv5rY/zfrzQ==",
            "dev": true,
            "optional": true
        },
        "esbuild-linux-64": {
            "version": "0.14.23",
            "resolved": "https://registry.npmjs.org/esbuild-linux-64/-/esbuild-linux-64-0.14.23.tgz",
            "integrity": "sha512-H0gztDP60qqr8zoFhAO64waoN5yBXkmYCElFklpd6LPoobtNGNnDe99xOQm28+fuD75YJ7GKHzp/MLCLhw2+vQ==",
            "dev": true,
            "optional": true
        },
        "esbuild-linux-arm": {
            "version": "0.14.23",
            "resolved": "https://registry.npmjs.org/esbuild-linux-arm/-/esbuild-linux-arm-0.14.23.tgz",
            "integrity": "sha512-x64CEUxi8+EzOAIpCUeuni0bZfzPw/65r8tC5cy5zOq9dY7ysOi5EVQHnzaxS+1NmV+/RVRpmrzGw1QgY2Xpmw==",
            "dev": true,
            "optional": true
        },
        "esbuild-linux-arm64": {
            "version": "0.14.23",
            "resolved": "https://registry.npmjs.org/esbuild-linux-arm64/-/esbuild-linux-arm64-0.14.23.tgz",
            "integrity": "sha512-c4MLOIByNHR55n3KoYf9hYDfBRghMjOiHLaoYLhkQkIabb452RWi+HsNgB41sUpSlOAqfpqKPFNg7VrxL3UX9g==",
            "dev": true,
            "optional": true
        },
        "esbuild-linux-mips64le": {
            "version": "0.14.23",
            "resolved": "https://registry.npmjs.org/esbuild-linux-mips64le/-/esbuild-linux-mips64le-0.14.23.tgz",
            "integrity": "sha512-kHKyKRIAedYhKug2EJpyJxOUj3VYuamOVA1pY7EimoFPzaF3NeY7e4cFBAISC/Av0/tiV0xlFCt9q0HJ68IBIw==",
            "dev": true,
            "optional": true
        },
        "esbuild-linux-ppc64le": {
            "version": "0.14.23",
            "resolved": "https://registry.npmjs.org/esbuild-linux-ppc64le/-/esbuild-linux-ppc64le-0.14.23.tgz",
            "integrity": "sha512-7ilAiJEPuJJnJp/LiDO0oJm5ygbBPzhchJJh9HsHZzeqO+3PUzItXi+8PuicY08r0AaaOe25LA7sGJ0MzbfBag==",
            "dev": true,
            "optional": true
        },
        "esbuild-linux-riscv64": {
            "version": "0.14.23",
            "resolved": "https://registry.npmjs.org/esbuild-linux-riscv64/-/esbuild-linux-riscv64-0.14.23.tgz",
            "integrity": "sha512-fbL3ggK2wY0D8I5raPIMPhpCvODFE+Bhb5QGtNP3r5aUsRR6TQV+ZBXIaw84iyvKC8vlXiA4fWLGhghAd/h/Zg==",
            "dev": true,
            "optional": true
        },
        "esbuild-linux-s390x": {
            "version": "0.14.23",
            "resolved": "https://registry.npmjs.org/esbuild-linux-s390x/-/esbuild-linux-s390x-0.14.23.tgz",
            "integrity": "sha512-GHMDCyfy7+FaNSO8RJ8KCFsnax8fLUsOrj9q5Gi2JmZMY0Zhp75keb5abTFCq2/Oy6KVcT0Dcbyo/bFb4rIFJA==",
            "dev": true,
            "optional": true
        },
        "esbuild-netbsd-64": {
            "version": "0.14.23",
            "resolved": "https://registry.npmjs.org/esbuild-netbsd-64/-/esbuild-netbsd-64-0.14.23.tgz",
            "integrity": "sha512-ovk2EX+3rrO1M2lowJfgMb/JPN1VwVYrx0QPUyudxkxLYrWeBxDKQvc6ffO+kB4QlDyTfdtAURrVzu3JeNdA2g==",
            "dev": true,
            "optional": true
        },
        "esbuild-openbsd-64": {
            "version": "0.14.23",
            "resolved": "https://registry.npmjs.org/esbuild-openbsd-64/-/esbuild-openbsd-64-0.14.23.tgz",
            "integrity": "sha512-uYYNqbVR+i7k8ojP/oIROAHO9lATLN7H2QeXKt2H310Fc8FJj4y3Wce6hx0VgnJ4k1JDrgbbiXM8rbEgQyg8KA==",
            "dev": true,
            "optional": true
        },
        "esbuild-plugin-less": {
            "version": "1.1.6",
            "resolved": "https://registry.npmjs.org/esbuild-plugin-less/-/esbuild-plugin-less-1.1.6.tgz",
            "integrity": "sha512-zDZPXNCnaYodobJaMV01/5olDgFv4JACrhCo84xsbJJgU+f+JI8FW0E2nqDbsbV3tWyqRW+qU3uCEYTulRjong==",
            "dev": true,
            "requires": {
                "@types/less": "^3.0.3",
                "less": "^4.1.1"
            }
        },
        "esbuild-sunos-64": {
            "version": "0.14.23",
            "resolved": "https://registry.npmjs.org/esbuild-sunos-64/-/esbuild-sunos-64-0.14.23.tgz",
            "integrity": "sha512-hAzeBeET0+SbScknPzS2LBY6FVDpgE+CsHSpe6CEoR51PApdn2IB0SyJX7vGelXzlyrnorM4CAsRyb9Qev4h9g==",
            "dev": true,
            "optional": true
        },
        "esbuild-windows-32": {
            "version": "0.14.23",
            "resolved": "https://registry.npmjs.org/esbuild-windows-32/-/esbuild-windows-32-0.14.23.tgz",
            "integrity": "sha512-Kttmi3JnohdaREbk6o9e25kieJR379TsEWF0l39PQVHXq3FR6sFKtVPgY8wk055o6IB+rllrzLnbqOw/UV60EA==",
            "dev": true,
            "optional": true
        },
        "esbuild-windows-64": {
            "version": "0.14.23",
            "resolved": "https://registry.npmjs.org/esbuild-windows-64/-/esbuild-windows-64-0.14.23.tgz",
            "integrity": "sha512-JtIT0t8ymkpl6YlmOl6zoSWL5cnCgyLaBdf/SiU/Eg3C13r0NbHZWNT/RDEMKK91Y6t79kTs3vyRcNZbfu5a8g==",
            "dev": true,
            "optional": true
        },
        "esbuild-windows-arm64": {
            "version": "0.14.23",
            "resolved": "https://registry.npmjs.org/esbuild-windows-arm64/-/esbuild-windows-arm64-0.14.23.tgz",
            "integrity": "sha512-cTFaQqT2+ik9e4hePvYtRZQ3pqOvKDVNarzql0VFIzhc0tru/ZgdLoXd6epLiKT+SzoSce6V9YJ+nn6RCn6SHw==",
            "dev": true,
            "optional": true
        },
        "escape-string-regexp": {
            "version": "5.0.0",
            "resolved": "https://registry.npmjs.org/escape-string-regexp/-/escape-string-regexp-5.0.0.tgz",
            "integrity": "sha512-/veY75JbMK4j1yjvuUxuVsiS/hr/4iHs9FTT6cgTexxdE0Ly/glccBAkloH/DofkjRbZU3bnoj38mOmhkZ0lHw==",
            "dev": true
        },
        "fs.realpath": {
            "version": "1.0.0",
            "resolved": "https://registry.npmjs.org/fs.realpath/-/fs.realpath-1.0.0.tgz",
            "integrity": "sha1-FQStJSMVjKpA20onh8sBQRmU6k8=",
            "dev": true
        },
        "function-bind": {
            "version": "1.1.1",
            "resolved": "https://registry.npmjs.org/function-bind/-/function-bind-1.1.1.tgz",
            "integrity": "sha512-yIovAzMX49sF8Yl58fSCWJ5svSLuaibPxXQJFLmBObTuCr0Mf1KiPopGM9NiFjiYBCbfaa2Fh6breQ6ANVTI0A==",
            "dev": true
        },
        "glob": {
            "version": "7.2.0",
            "resolved": "https://registry.npmjs.org/glob/-/glob-7.2.0.tgz",
            "integrity": "sha512-lmLf6gtyrPq8tTjSmrO94wBeQbFR3HbLHbuyD69wuyQkImp2hWqMGB47OX65FBkPffO641IP9jWa1z4ivqG26Q==",
            "dev": true,
            "requires": {
                "fs.realpath": "^1.0.0",
                "inflight": "^1.0.4",
                "inherits": "2",
                "minimatch": "^3.0.4",
                "once": "^1.3.0",
                "path-is-absolute": "^1.0.0"
            }
        },
        "graceful-fs": {
            "version": "4.2.9",
            "resolved": "https://registry.npmjs.org/graceful-fs/-/graceful-fs-4.2.9.tgz",
            "integrity": "sha512-NtNxqUcXgpW2iMrfqSfR73Glt39K+BLwWsPs94yR63v45T0Wbej7eRmL5cWfwEgqXnmjQp3zaJTshdRW/qC2ZQ==",
            "dev": true,
            "optional": true
        },
        "has": {
            "version": "1.0.3",
            "resolved": "https://registry.npmjs.org/has/-/has-1.0.3.tgz",
            "integrity": "sha512-f2dvO0VU6Oej7RkWJGrehjbzMAjFp5/VKPp5tTpWIV4JHHZK1/BxbFRtf/siA2SWTe09caDmVtYYzWEIbBS4zw==",
            "dev": true,
            "requires": {
                "function-bind": "^1.1.1"
            }
        },
        "highlight.js": {
            "version": "11.4.0",
            "resolved": "https://registry.npmjs.org/highlight.js/-/highlight.js-11.4.0.tgz",
            "integrity": "sha512-nawlpCBCSASs7EdvZOYOYVkJpGmAOKMYZgZtUqSRqodZE0GRVcFKwo1RcpeOemqh9hyttTdd5wDBwHkuSyUfnA==",
            "dev": true
        },
        "iconv-lite": {
            "version": "0.4.24",
            "resolved": "https://registry.npmjs.org/iconv-lite/-/iconv-lite-0.4.24.tgz",
            "integrity": "sha512-v3MXnZAcvnywkTUEZomIActle7RXXeedOR31wwl7VlyoXO4Qi9arvSenNQWne1TcRwhCL1HwLI21bEqdpj8/rA==",
            "dev": true,
            "optional": true,
            "requires": {
                "safer-buffer": ">= 2.1.2 < 3"
            }
        },
        "image-size": {
            "version": "0.5.5",
            "resolved": "https://registry.npmjs.org/image-size/-/image-size-0.5.5.tgz",
            "integrity": "sha1-Cd/Uq50g4p6xw+gLiZA3jfnjy5w=",
            "dev": true,
            "optional": true
        },
        "inflight": {
            "version": "1.0.6",
            "resolved": "https://registry.npmjs.org/inflight/-/inflight-1.0.6.tgz",
            "integrity": "sha1-Sb1jMdfQLQwJvJEKEHW6gWW1bfk=",
            "dev": true,
            "requires": {
                "once": "^1.3.0",
                "wrappy": "1"
            }
        },
        "inherits": {
            "version": "2.0.4",
            "resolved": "https://registry.npmjs.org/inherits/-/inherits-2.0.4.tgz",
            "integrity": "sha512-k/vGaX4/Yla3WzyMCvTQOXYeIHvqOKtnqBduzTHpzpQZzAskKMhZ2K+EnBiSM9zGSoIFeMpXKxa4dYeZIQqewQ==",
            "dev": true
        },
        "interpret": {
            "version": "1.4.0",
            "resolved": "https://registry.npmjs.org/interpret/-/interpret-1.4.0.tgz",
            "integrity": "sha512-agE4QfB2Lkp9uICn7BAqoscw4SZP9kTE2hxiFI3jBPmXJfdqiahTbUuKGsMoN2GtqL9AxhYioAcVvgsb1HvRbA==",
            "dev": true
        },
        "is-core-module": {
            "version": "2.8.1",
            "resolved": "https://registry.npmjs.org/is-core-module/-/is-core-module-2.8.1.tgz",
            "integrity": "sha512-SdNCUs284hr40hFTFP6l0IfZ/RSrMXF3qgoRHd3/79unUTvrFO/JoXwkGm+5J/Oe3E/b5GsnG330uUNgRpu1PA==",
            "dev": true,
            "requires": {
                "has": "^1.0.3"
            }
        },
        "is-what": {
            "version": "3.14.1",
            "resolved": "https://registry.npmjs.org/is-what/-/is-what-3.14.1.tgz",
            "integrity": "sha512-sNxgpk9793nzSs7bA6JQJGeIuRBQhAaNGG77kzYQgMkrID+lS6SlK07K5LaptscDlSaIgH+GPFzf+d75FVxozA==",
            "dev": true
        },
        "less": {
            "version": "4.1.2",
            "resolved": "https://registry.npmjs.org/less/-/less-4.1.2.tgz",
            "integrity": "sha512-EoQp/Et7OSOVu0aJknJOtlXZsnr8XE8KwuzTHOLeVSEx8pVWUICc8Q0VYRHgzyjX78nMEyC/oztWFbgyhtNfDA==",
            "dev": true,
            "requires": {
                "copy-anything": "^2.0.1",
                "errno": "^0.1.1",
                "graceful-fs": "^4.1.2",
                "image-size": "~0.5.0",
                "make-dir": "^2.1.0",
                "mime": "^1.4.1",
                "needle": "^2.5.2",
                "parse-node-version": "^1.0.1",
                "source-map": "~0.6.0",
                "tslib": "^2.3.0"
            }
        },
        "linkify-it": {
            "version": "3.0.3",
            "resolved": "https://registry.npmjs.org/linkify-it/-/linkify-it-3.0.3.tgz",
            "integrity": "sha512-ynTsyrFSdE5oZ/O9GEf00kPngmOfVwazR5GKDq6EYfhlpFug3J2zybX56a2PRRpc9P+FuSoGNAwjlbDs9jJBPQ==",
            "dev": true,
            "requires": {
                "uc.micro": "^1.0.1"
            }
        },
        "lodash.deburr": {
            "version": "4.1.0",
            "resolved": "https://registry.npmjs.org/lodash.deburr/-/lodash.deburr-4.1.0.tgz",
            "integrity": "sha1-3bG7s+8HRYwBd7oH3hRCLLAz/5s=",
            "dev": true
        },
        "make-dir": {
            "version": "2.1.0",
            "resolved": "https://registry.npmjs.org/make-dir/-/make-dir-2.1.0.tgz",
            "integrity": "sha512-LS9X+dc8KLxXCb8dni79fLIIUA5VyZoyjSMCwTluaXA0o27cCK0bhXkpgw+sTXVpPy/lSO57ilRixqk0vDmtRA==",
            "dev": true,
            "optional": true,
            "requires": {
                "pify": "^4.0.1",
                "semver": "^5.6.0"
            }
        },
        "markdown-it": {
            "version": "12.3.2",
            "resolved": "https://registry.npmjs.org/markdown-it/-/markdown-it-12.3.2.tgz",
            "integrity": "sha512-TchMembfxfNVpHkbtriWltGWc+m3xszaRD0CZup7GFFhzIgQqxIfn3eGj1yZpfuflzPvfkt611B2Q/Bsk1YnGg==",
            "dev": true,
            "requires": {
                "argparse": "^2.0.1",
                "entities": "~2.1.0",
                "linkify-it": "^3.0.1",
                "mdurl": "^1.0.1",
                "uc.micro": "^1.0.5"
            }
        },
        "markdown-it-anchor": {
            "version": "8.4.1",
            "resolved": "https://registry.npmjs.org/markdown-it-anchor/-/markdown-it-anchor-8.4.1.tgz",
            "integrity": "sha512-sLODeRetZ/61KkKLJElaU3NuU2z7MhXf12Ml1WJMSdwpngeofneCRF+JBbat8HiSqhniOMuTemXMrsI7hA6XyA==",
            "dev": true
        },
        "markdown-it-attrs": {
            "version": "4.1.3",
            "resolved": "https://registry.npmjs.org/markdown-it-attrs/-/markdown-it-attrs-4.1.3.tgz",
            "integrity": "sha512-d5yg/lzQV2KFI/4LPsZQB3uxQrf0/l2/RnMPCPm4lYLOZUSmFlpPccyojnzaHkfQpAD8wBHfnfUW0aMhpKOS2g==",
            "dev": true
        },
        "mdurl": {
            "version": "1.0.1",
            "resolved": "https://registry.npmjs.org/mdurl/-/mdurl-1.0.1.tgz",
            "integrity": "sha1-/oWy7HWlkDfyrf7BAP1sYBdhFS4=",
            "dev": true
        },
        "mime": {
            "version": "1.6.0",
            "resolved": "https://registry.npmjs.org/mime/-/mime-1.6.0.tgz",
            "integrity": "sha512-x0Vn8spI+wuJ1O6S7gnbaQg8Pxh4NNHb7KSINmEWKiPE4RKOplvijn+NkmYmmRgP68mc70j2EbeTFRsrswaQeg==",
            "dev": true,
            "optional": true
        },
        "minimatch": {
            "version": "3.1.2",
            "resolved": "https://registry.npmjs.org/minimatch/-/minimatch-3.1.2.tgz",
            "integrity": "sha512-J7p63hRiAjw1NDEww1W7i37+ByIrOWO5XQQAzZ3VOcL0PNybwpfmV/N05zFAzwQ9USyEcX6t3UO+K5aqBQOIHw==",
            "dev": true,
            "requires": {
                "brace-expansion": "^1.1.7"
            }
        },
        "ms": {
            "version": "2.1.3",
            "resolved": "https://registry.npmjs.org/ms/-/ms-2.1.3.tgz",
            "integrity": "sha512-6FlzubTLZG3J2a/NVCAleEhjzq5oxgHyaCU9yYXvcLsvoVaHJq/s5xXI6/XXP6tz7R9xAOtHnSO/tXtF3WRTlA==",
            "dev": true,
            "optional": true
        },
        "needle": {
            "version": "2.9.1",
            "resolved": "https://registry.npmjs.org/needle/-/needle-2.9.1.tgz",
            "integrity": "sha512-6R9fqJ5Zcmf+uYaFgdIHmLwNldn5HbK8L5ybn7Uz+ylX/rnOsSp1AHcvQSrCaFN+qNM1wpymHqD7mVasEOlHGQ==",
            "dev": true,
            "optional": true,
            "requires": {
                "debug": "^3.2.6",
                "iconv-lite": "^0.4.4",
                "sax": "^1.2.4"
            }
        },
        "once": {
            "version": "1.4.0",
            "resolved": "https://registry.npmjs.org/once/-/once-1.4.0.tgz",
            "integrity": "sha1-WDsap3WWHUsROsF9nFC6753Xa9E=",
            "dev": true,
            "requires": {
                "wrappy": "1"
            }
        },
        "parse-node-version": {
            "version": "1.0.1",
            "resolved": "https://registry.npmjs.org/parse-node-version/-/parse-node-version-1.0.1.tgz",
            "integrity": "sha512-3YHlOa/JgH6Mnpr05jP9eDG254US9ek25LyIxZlDItp2iJtwyaXQb57lBYLdT3MowkUFYEV2XXNAYIPlESvJlA==",
            "dev": true
        },
        "path-is-absolute": {
            "version": "1.0.1",
            "resolved": "https://registry.npmjs.org/path-is-absolute/-/path-is-absolute-1.0.1.tgz",
            "integrity": "sha1-F0uSaHNVNP+8es5r9TpanhtcX18=",
            "dev": true
        },
        "path-parse": {
            "version": "1.0.7",
            "resolved": "https://registry.npmjs.org/path-parse/-/path-parse-1.0.7.tgz",
            "integrity": "sha512-LDJzPVEEEPR+y48z93A0Ed0yXb8pAByGWo/k5YYdYgpY2/2EsOsksJrq7lOHxryrVOn1ejG6oAp8ahvOIQD8sw==",
            "dev": true
        },
        "pify": {
            "version": "4.0.1",
            "resolved": "https://registry.npmjs.org/pify/-/pify-4.0.1.tgz",
            "integrity": "sha512-uB80kBFb/tfd68bVleG9T5GGsGPjJrLAUpR5PZIrhBnIaRTQRjqdJSsIKkOP6OAIFbj7GOrcudc5pNjZ+geV2g==",
            "dev": true,
            "optional": true
        },
        "prr": {
            "version": "1.0.1",
            "resolved": "https://registry.npmjs.org/prr/-/prr-1.0.1.tgz",
            "integrity": "sha1-0/wRS6BplaRexok/SEzrHXj19HY=",
            "dev": true,
            "optional": true
        },
        "rechoir": {
            "version": "0.6.2",
            "resolved": "https://registry.npmjs.org/rechoir/-/rechoir-0.6.2.tgz",
            "integrity": "sha1-hSBLVNuoLVdC4oyWdW70OvUOM4Q=",
            "dev": true,
            "requires": {
                "resolve": "^1.1.6"
            }
        },
        "resolve": {
            "version": "1.22.0",
            "resolved": "https://registry.npmjs.org/resolve/-/resolve-1.22.0.tgz",
            "integrity": "sha512-Hhtrw0nLeSrFQ7phPp4OOcVjLPIeMnRlr5mcnVuMe7M/7eBn98A3hmFRLoFo3DLZkivSYwhRUJTyPyWAk56WLw==",
            "dev": true,
            "requires": {
                "is-core-module": "^2.8.1",
                "path-parse": "^1.0.7",
                "supports-preserve-symlinks-flag": "^1.0.0"
            }
        },
        "safer-buffer": {
            "version": "2.1.2",
            "resolved": "https://registry.npmjs.org/safer-buffer/-/safer-buffer-2.1.2.tgz",
            "integrity": "sha512-YZo3K82SD7Riyi0E1EQPojLz7kpepnSQI9IyPbHHg1XXXevb5dJI7tpyN2ADxGcQbHG7vcyRHk0cbwqcQriUtg==",
            "dev": true,
            "optional": true
        },
        "sax": {
            "version": "1.2.4",
            "resolved": "https://registry.npmjs.org/sax/-/sax-1.2.4.tgz",
            "integrity": "sha512-NqVDv9TpANUjFm0N8uM5GxL36UgKi9/atZw+x7YFnQ8ckwFGKrl4xX4yWtrey3UJm5nP1kUbnYgLopqWNSRhWw==",
            "dev": true,
            "optional": true
        },
        "semver": {
            "version": "5.7.1",
            "resolved": "https://registry.npmjs.org/semver/-/semver-5.7.1.tgz",
            "integrity": "sha512-sauaDf/PZdVgrLTNYHRtpXa1iRiKcaebiKQ1BJdpQlWH2lCvexQdX55snPFyK7QzpudqbCI0qXFfOasHdyNDGQ==",
            "dev": true,
            "optional": true
        },
        "shelljs": {
            "version": "0.8.5",
            "resolved": "https://registry.npmjs.org/shelljs/-/shelljs-0.8.5.tgz",
            "integrity": "sha512-TiwcRcrkhHvbrZbnRcFYMLl30Dfov3HKqzp5tO5b4pt6G/SezKcYhmDg15zXVBswHmctSAQKznqNW2LO5tTDow==",
            "dev": true,
            "requires": {
                "glob": "^7.0.0",
                "interpret": "^1.0.0",
                "rechoir": "^0.6.2"
            }
        },
        "source-map": {
            "version": "0.6.1",
            "resolved": "https://registry.npmjs.org/source-map/-/source-map-0.6.1.tgz",
            "integrity": "sha512-UjgapumWlbMhkBgzT7Ykc5YXUT46F0iKu8SGXq0bcwP5dz/h0Plj6enJqjz1Zbq2l5WaqYnrVbwWOWMyF3F47g==",
            "dev": true,
            "optional": true
        },
        "supports-preserve-symlinks-flag": {
            "version": "1.0.0",
            "resolved": "https://registry.npmjs.org/supports-preserve-symlinks-flag/-/supports-preserve-symlinks-flag-1.0.0.tgz",
            "integrity": "sha512-ot0WnXS9fgdkgIcePe6RHNk1WA8+muPa6cSjeR3V8K27q9BB1rTE3R1p7Hv0z1ZyAc8s6Vvv8DIyWf681MAt0w==",
            "dev": true
        },
        "tslib": {
            "version": "2.3.1",
            "resolved": "https://registry.npmjs.org/tslib/-/tslib-2.3.1.tgz",
            "integrity": "sha512-77EbyPPpMz+FRFRuAFlWMtmgUWGe9UOG2Z25NqCwiIjRhOf5iKGuzSe5P2w1laq+FkRy4p+PCuVkJSGkzTEKVw==",
            "dev": true
        },
        "uc.micro": {
            "version": "1.0.6",
            "resolved": "https://registry.npmjs.org/uc.micro/-/uc.micro-1.0.6.tgz",
            "integrity": "sha512-8Y75pvTYkLJW2hWQHXxoqRgV7qb9B+9vFEtidML+7koHUFapnVJAZ6cKs+Qjz5Aw3aZWHMC6u0wJE3At+nSGwA==",
            "dev": true
        },
        "wrappy": {
            "version": "1.0.2",
            "resolved": "https://registry.npmjs.org/wrappy/-/wrappy-1.0.2.tgz",
            "integrity": "sha1-tSQ9jz7BqjXxNkYFvA0QNuMKtp8=",
            "dev": true
        }
    }
}
